// !$*UTF8*$!
{
	archiveVersion = 1;
	classes = {
	};
	objectVersion = 55;
	objects = {

/* Begin PBXBuildFile section */
		C02E5637275B07220097F665 /* CategoryHome.swift in Sources */ = {isa = PBXBuildFile; fileRef = C02E5636275B07220097F665 /* CategoryHome.swift */; };
		C02E5639275B08EE0097F665 /* CategoryRow.swift in Sources */ = {isa = PBXBuildFile; fileRef = C02E5638275B08EE0097F665 /* CategoryRow.swift */; };
		C02E563B275B0A390097F665 /* CategoryItem.swift in Sources */ = {isa = PBXBuildFile; fileRef = C02E563A275B0A390097F665 /* CategoryItem.swift */; };
		C06C69F72758DE170018DFCA /* BadgeSymbol.swift in Sources */ = {isa = PBXBuildFile; fileRef = C06C69F62758DE170018DFCA /* BadgeSymbol.swift */; };
		C06C69F92758DFDC0018DFCA /* RotatedBadgeSymbol.swift in Sources */ = {isa = PBXBuildFile; fileRef = C06C69F82758DFDC0018DFCA /* RotatedBadgeSymbol.swift */; };
		C06C69FB2758E00C0018DFCA /* Badge.swift in Sources */ = {isa = PBXBuildFile; fileRef = C06C69FA2758E00C0018DFCA /* Badge.swift */; };
		C06C6A002758E1F90018DFCA /* hikeData.json in Resources */ = {isa = PBXBuildFile; fileRef = C06C69FF2758E1F90018DFCA /* hikeData.json */; };
		C06C6A022758E21C0018DFCA /* Hike.swift in Sources */ = {isa = PBXBuildFile; fileRef = C06C6A012758E21C0018DFCA /* Hike.swift */; };
		C06C6A082758E2AC0018DFCA /* GraphCapsule.swift in Sources */ = {isa = PBXBuildFile; fileRef = C06C6A042758E2AC0018DFCA /* GraphCapsule.swift */; };
		C06C6A092758E2AC0018DFCA /* HikeGraph.swift in Sources */ = {isa = PBXBuildFile; fileRef = C06C6A052758E2AC0018DFCA /* HikeGraph.swift */; };
		C06C6A0A2758E2AC0018DFCA /* HikeDetail.swift in Sources */ = {isa = PBXBuildFile; fileRef = C06C6A062758E2AC0018DFCA /* HikeDetail.swift */; };
		C06C6A0B2758E2AC0018DFCA /* HikeView.swift in Sources */ = {isa = PBXBuildFile; fileRef = C06C6A072758E2AC0018DFCA /* HikeView.swift */; };
		C06D96632758926B00786DB5 /* FavoriteButton.swift in Sources */ = {isa = PBXBuildFile; fileRef = C06D96622758926B00786DB5 /* FavoriteButton.swift */; };
		C06D9667275898E400786DB5 /* HexagonParameters.swift in Sources */ = {isa = PBXBuildFile; fileRef = C06D9666275898E400786DB5 /* HexagonParameters.swift */; };
		C06D966927589AD300786DB5 /* BadgeBackground.swift in Sources */ = {isa = PBXBuildFile; fileRef = C06D966827589AD300786DB5 /* BadgeBackground.swift */; };
		C0719B0A2757B5B800CC9861 /* LandmarksApp.swift in Sources */ = {isa = PBXBuildFile; fileRef = C0719B092757B5B800CC9861 /* LandmarksApp.swift */; };
		C0719B0C2757B5B800CC9861 /* ContentView.swift in Sources */ = {isa = PBXBuildFile; fileRef = C0719B0B2757B5B800CC9861 /* ContentView.swift */; };
		C0719B0E2757B5BA00CC9861 /* Assets.xcassets in Resources */ = {isa = PBXBuildFile; fileRef = C0719B0D2757B5BA00CC9861 /* Assets.xcassets */; };
		C0719B112757B5BA00CC9861 /* Preview Assets.xcassets in Resources */ = {isa = PBXBuildFile; fileRef = C0719B102757B5BA00CC9861 /* Preview Assets.xcassets */; };
		C0E5CCC627582FC900324E06 /* CircleImage.swift in Sources */ = {isa = PBXBuildFile; fileRef = C0E5CCC527582FC900324E06 /* CircleImage.swift */; };
		C0E5CCC8275830E900324E06 /* MapView.swift in Sources */ = {isa = PBXBuildFile; fileRef = C0E5CCC7275830E900324E06 /* MapView.swift */; };
		C0E5CCCC2758378200324E06 /* Landmark.swift in Sources */ = {isa = PBXBuildFile; fileRef = C0E5CCCB2758378200324E06 /* Landmark.swift */; };
		C0E5CCCE27583D2400324E06 /* ModelData.swift in Sources */ = {isa = PBXBuildFile; fileRef = C0E5CCCD27583D2400324E06 /* ModelData.swift */; };
		C0E5CCD3275860D300324E06 /* landmarkData.json in Resources */ = {isa = PBXBuildFile; fileRef = C0E5CCD2275860D300324E06 /* landmarkData.json */; };
		C0E5CCD52758614E00324E06 /* LandmarkRow.swift in Sources */ = {isa = PBXBuildFile; fileRef = C0E5CCD42758614E00324E06 /* LandmarkRow.swift */; };
		C0E5CCD72758632A00324E06 /* LandmarkList.swift in Sources */ = {isa = PBXBuildFile; fileRef = C0E5CCD62758632A00324E06 /* LandmarkList.swift */; };
		C0E5CCD9275864E400324E06 /* LandmarkDetail.swift in Sources */ = {isa = PBXBuildFile; fileRef = C0E5CCD8275864E400324E06 /* LandmarkDetail.swift */; };
/* End PBXBuildFile section */

/* Begin PBXFileReference section */
		C02E5636275B07220097F665 /* CategoryHome.swift */ = {isa = PBXFileReference; lastKnownFileType = sourcecode.swift; path = CategoryHome.swift; sourceTree = "<group>"; };
		C02E5638275B08EE0097F665 /* CategoryRow.swift */ = {isa = PBXFileReference; lastKnownFileType = sourcecode.swift; path = CategoryRow.swift; sourceTree = "<group>"; };
		C02E563A275B0A390097F665 /* CategoryItem.swift */ = {isa = PBXFileReference; lastKnownFileType = sourcecode.swift; path = CategoryItem.swift; sourceTree = "<group>"; };
		C06C69F62758DE170018DFCA /* BadgeSymbol.swift */ = {isa = PBXFileReference; lastKnownFileType = sourcecode.swift; path = BadgeSymbol.swift; sourceTree = "<group>"; };
		C06C69F82758DFDC0018DFCA /* RotatedBadgeSymbol.swift */ = {isa = PBXFileReference; lastKnownFileType = sourcecode.swift; path = RotatedBadgeSymbol.swift; sourceTree = "<group>"; };
		C06C69FA2758E00C0018DFCA /* Badge.swift */ = {isa = PBXFileReference; lastKnownFileType = sourcecode.swift; path = Badge.swift; sourceTree = "<group>"; };
		C06C69FF2758E1F90018DFCA /* hikeData.json */ = {isa = PBXFileReference; fileEncoding = 4; lastKnownFileType = text.json; path = hikeData.json; sourceTree = "<group>"; };
		C06C6A012758E21C0018DFCA /* Hike.swift */ = {isa = PBXFileReference; lastKnownFileType = sourcecode.swift; path = Hike.swift; sourceTree = "<group>"; };
		C06C6A042758E2AC0018DFCA /* GraphCapsule.swift */ = {isa = PBXFileReference; fileEncoding = 4; lastKnownFileType = sourcecode.swift; path = GraphCapsule.swift; sourceTree = "<group>"; };
		C06C6A052758E2AC0018DFCA /* HikeGraph.swift */ = {isa = PBXFileReference; fileEncoding = 4; lastKnownFileType = sourcecode.swift; path = HikeGraph.swift; sourceTree = "<group>"; };
		C06C6A062758E2AC0018DFCA /* HikeDetail.swift */ = {isa = PBXFileReference; fileEncoding = 4; lastKnownFileType = sourcecode.swift; path = HikeDetail.swift; sourceTree = "<group>"; };
		C06C6A072758E2AC0018DFCA /* HikeView.swift */ = {isa = PBXFileReference; fileEncoding = 4; lastKnownFileType = sourcecode.swift; path = HikeView.swift; sourceTree = "<group>"; };
		C06D96622758926B00786DB5 /* FavoriteButton.swift */ = {isa = PBXFileReference; lastKnownFileType = sourcecode.swift; path = FavoriteButton.swift; sourceTree = "<group>"; };
		C06D9666275898E400786DB5 /* HexagonParameters.swift */ = {isa = PBXFileReference; lastKnownFileType = sourcecode.swift; path = HexagonParameters.swift; sourceTree = "<group>"; };
		C06D966827589AD300786DB5 /* BadgeBackground.swift */ = {isa = PBXFileReference; lastKnownFileType = sourcecode.swift; path = BadgeBackground.swift; sourceTree = "<group>"; };
		C0719B062757B5B800CC9861 /* Landmarks.app */ = {isa = PBXFileReference; explicitFileType = wrapper.application; includeInIndex = 0; path = Landmarks.app; sourceTree = BUILT_PRODUCTS_DIR; };
		C0719B092757B5B800CC9861 /* LandmarksApp.swift */ = {isa = PBXFileReference; lastKnownFileType = sourcecode.swift; path = LandmarksApp.swift; sourceTree = "<group>"; };
		C0719B0B2757B5B800CC9861 /* ContentView.swift */ = {isa = PBXFileReference; lastKnownFileType = sourcecode.swift; path = ContentView.swift; sourceTree = "<group>"; };
		C0719B0D2757B5BA00CC9861 /* Assets.xcassets */ = {isa = PBXFileReference; lastKnownFileType = folder.assetcatalog; path = Assets.xcassets; sourceTree = "<group>"; };
		C0719B102757B5BA00CC9861 /* Preview Assets.xcassets */ = {isa = PBXFileReference; lastKnownFileType = folder.assetcatalog; path = "Preview Assets.xcassets"; sourceTree = "<group>"; };
		C0E5CCC527582FC900324E06 /* CircleImage.swift */ = {isa = PBXFileReference; lastKnownFileType = sourcecode.swift; path = CircleImage.swift; sourceTree = "<group>"; };
		C0E5CCC7275830E900324E06 /* MapView.swift */ = {isa = PBXFileReference; lastKnownFileType = sourcecode.swift; path = MapView.swift; sourceTree = "<group>"; };
		C0E5CCCB2758378200324E06 /* Landmark.swift */ = {isa = PBXFileReference; lastKnownFileType = sourcecode.swift; path = Landmark.swift; sourceTree = "<group>"; };
		C0E5CCCD27583D2400324E06 /* ModelData.swift */ = {isa = PBXFileReference; lastKnownFileType = sourcecode.swift; path = ModelData.swift; sourceTree = "<group>"; };
		C0E5CCD2275860D300324E06 /* landmarkData.json */ = {isa = PBXFileReference; fileEncoding = 4; lastKnownFileType = text.json; name = landmarkData.json; path = Landmarks/Resources/landmarkData.json; sourceTree = SOURCE_ROOT; };
		C0E5CCD42758614E00324E06 /* LandmarkRow.swift */ = {isa = PBXFileReference; lastKnownFileType = sourcecode.swift; path = LandmarkRow.swift; sourceTree = "<group>"; };
		C0E5CCD62758632A00324E06 /* LandmarkList.swift */ = {isa = PBXFileReference; lastKnownFileType = sourcecode.swift; path = LandmarkList.swift; sourceTree = "<group>"; };
		C0E5CCD8275864E400324E06 /* LandmarkDetail.swift */ = {isa = PBXFileReference; lastKnownFileType = sourcecode.swift; path = LandmarkDetail.swift; sourceTree = "<group>"; };
/* End PBXFileReference section */

/* Begin PBXFrameworksBuildPhase section */
		C0719B032757B5B800CC9861 /* Frameworks */ = {
			isa = PBXFrameworksBuildPhase;
			buildActionMask = 2147483647;
			files = (
			);
			runOnlyForDeploymentPostprocessing = 0;
		};
/* End PBXFrameworksBuildPhase section */

/* Begin PBXGroup section */
		C06C69FC2758E0570018DFCA /* Badges */ = {
			isa = PBXGroup;
			children = (
				C06D9666275898E400786DB5 /* HexagonParameters.swift */,
				C06D966827589AD300786DB5 /* BadgeBackground.swift */,
				C06C69F62758DE170018DFCA /* BadgeSymbol.swift */,
				C06C69F82758DFDC0018DFCA /* RotatedBadgeSymbol.swift */,
				C06C69FA2758E00C0018DFCA /* Badge.swift */,
			);
			path = Badges;
			sourceTree = "<group>";
		};
		C06C6A032758E2AC0018DFCA /* Hikes */ = {
			isa = PBXGroup;
			children = (
				C06C6A042758E2AC0018DFCA /* GraphCapsule.swift */,
				C06C6A052758E2AC0018DFCA /* HikeGraph.swift */,
				C06C6A062758E2AC0018DFCA /* HikeDetail.swift */,
				C06C6A072758E2AC0018DFCA /* HikeView.swift */,
			);
			name = Hikes;
			path = Landmarks/Views/Hikes;
			sourceTree = SOURCE_ROOT;
		};
		C06D9664275893A800786DB5 /* Helpers */ = {
			isa = PBXGroup;
			children = (
				C0E5CCC527582FC900324E06 /* CircleImage.swift */,
				C0E5CCC7275830E900324E06 /* MapView.swift */,
				C06D96622758926B00786DB5 /* FavoriteButton.swift */,
			);
			path = Helpers;
			sourceTree = "<group>";
		};
		C06D9665275893C200786DB5 /* Landmarks */ = {
			isa = PBXGroup;
			children = (
				C0E5CCD42758614E00324E06 /* LandmarkRow.swift */,
				C0E5CCD62758632A00324E06 /* LandmarkList.swift */,
				C0E5CCD8275864E400324E06 /* LandmarkDetail.swift */,
			);
			path = Landmarks;
			sourceTree = "<group>";
		};
		C0719AFD2757B5B800CC9861 = {
			isa = PBXGroup;
			children = (
				C0719B082757B5B800CC9861 /* Landmarks */,
				C0719B072757B5B800CC9861 /* Products */,
			);
			sourceTree = "<group>";
		};
		C0719B072757B5B800CC9861 /* Products */ = {
			isa = PBXGroup;
			children = (
				C0719B062757B5B800CC9861 /* Landmarks.app */,
			);
			name = Products;
			sourceTree = "<group>";
		};
		C0719B082757B5B800CC9861 /* Landmarks */ = {
			isa = PBXGroup;
			children = (
				C0719B092757B5B800CC9861 /* LandmarksApp.swift */,
				C0E5CCCF27583EB300324E06 /* Views */,
				C0E5CCD027583EC300324E06 /* Model */,
				C0E5CCD127583ECC00324E06 /* Resources */,
				C0719B0D2757B5BA00CC9861 /* Assets.xcassets */,
				C0719B0F2757B5BA00CC9861 /* Preview Content */,
			);
			path = Landmarks;
			sourceTree = "<group>";
		};
		C0719B0F2757B5BA00CC9861 /* Preview Content */ = {
			isa = PBXGroup;
			children = (
				C0719B102757B5BA00CC9861 /* Preview Assets.xcassets */,
			);
			path = "Preview Content";
			sourceTree = "<group>";
		};
		C0E5CCCF27583EB300324E06 /* Views */ = {
			isa = PBXGroup;
			children = (
				C0719B0B2757B5B800CC9861 /* ContentView.swift */,
				C02E5636275B07220097F665 /* CategoryHome.swift */,
				C06C69FC2758E0570018DFCA /* Badges */,
				C06D9664275893A800786DB5 /* Helpers */,
				C06C6A032758E2AC0018DFCA /* Hikes */,
				C06D9665275893C200786DB5 /* Landmarks */,
				C02E5638275B08EE0097F665 /* CategoryRow.swift */,
				C02E563A275B0A390097F665 /* CategoryItem.swift */,
			);
			path = Views;
			sourceTree = "<group>";
		};
		C0E5CCD027583EC300324E06 /* Model */ = {
			isa = PBXGroup;
			children = (
				C06C6A012758E21C0018DFCA /* Hike.swift */,
				C0E5CCCB2758378200324E06 /* Landmark.swift */,
				C0E5CCCD27583D2400324E06 /* ModelData.swift */,
			);
			path = Model;
			sourceTree = "<group>";
		};
		C0E5CCD127583ECC00324E06 /* Resources */ = {
			isa = PBXGroup;
			children = (
				C06C69FF2758E1F90018DFCA /* hikeData.json */,
				C0E5CCD2275860D300324E06 /* landmarkData.json */,
			);
			path = Resources;
			sourceTree = "<group>";
		};
/* End PBXGroup section */

/* Begin PBXNativeTarget section */
		C0719B052757B5B800CC9861 /* Landmarks */ = {
			isa = PBXNativeTarget;
			buildConfigurationList = C0719B142757B5BA00CC9861 /* Build configuration list for PBXNativeTarget "Landmarks" */;
			buildPhases = (
				C0719B022757B5B800CC9861 /* Sources */,
				C0719B032757B5B800CC9861 /* Frameworks */,
				C0719B042757B5B800CC9861 /* Resources */,
			);
			buildRules = (
			);
			dependencies = (
			);
			name = Landmarks;
			productName = Landmarks;
			productReference = C0719B062757B5B800CC9861 /* Landmarks.app */;
			productType = "com.apple.product-type.application";
		};
/* End PBXNativeTarget section */

/* Begin PBXProject section */
		C0719AFE2757B5B800CC9861 /* Project object */ = {
			isa = PBXProject;
			attributes = {
				BuildIndependentTargetsInParallel = 1;
				LastSwiftUpdateCheck = 1310;
				LastUpgradeCheck = 1310;
				TargetAttributes = {
					C0719B052757B5B800CC9861 = {
						CreatedOnToolsVersion = 13.1;
					};
				};
			};
			buildConfigurationList = C0719B012757B5B800CC9861 /* Build configuration list for PBXProject "Landmarks" */;
			compatibilityVersion = "Xcode 13.0";
			developmentRegion = en;
			hasScannedForEncodings = 0;
			knownRegions = (
				en,
				Base,
			);
			mainGroup = C0719AFD2757B5B800CC9861;
			productRefGroup = C0719B072757B5B800CC9861 /* Products */;
			projectDirPath = "";
			projectRoot = "";
			targets = (
				C0719B052757B5B800CC9861 /* Landmarks */,
			);
		};
/* End PBXProject section */

/* Begin PBXResourcesBuildPhase section */
		C0719B042757B5B800CC9861 /* Resources */ = {
			isa = PBXResourcesBuildPhase;
			buildActionMask = 2147483647;
			files = (
				C06C6A002758E1F90018DFCA /* hikeData.json in Resources */,
				C0719B112757B5BA00CC9861 /* Preview Assets.xcassets in Resources */,
				C0719B0E2757B5BA00CC9861 /* Assets.xcassets in Resources */,
				C0E5CCD3275860D300324E06 /* landmarkData.json in Resources */,
			);
			runOnlyForDeploymentPostprocessing = 0;
		};
/* End PBXResourcesBuildPhase section */

/* Begin PBXSourcesBuildPhase section */
		C0719B022757B5B800CC9861 /* Sources */ = {
			isa = PBXSourcesBuildPhase;
			buildActionMask = 2147483647;
			files = (
				C02E5639275B08EE0097F665 /* CategoryRow.swift in Sources */,
				C0719B0C2757B5B800CC9861 /* ContentView.swift in Sources */,
				C02E5637275B07220097F665 /* CategoryHome.swift in Sources */,
				C06C6A092758E2AC0018DFCA /* HikeGraph.swift in Sources */,
				C06C69FB2758E00C0018DFCA /* Badge.swift in Sources */,
				C0E5CCC8275830E900324E06 /* MapView.swift in Sources */,
				C06C6A082758E2AC0018DFCA /* GraphCapsule.swift in Sources */,
				C0719B0A2757B5B800CC9861 /* LandmarksApp.swift in Sources */,
				C06D96632758926B00786DB5 /* FavoriteButton.swift in Sources */,
				C02E563B275B0A390097F665 /* CategoryItem.swift in Sources */,
				C06C6A0A2758E2AC0018DFCA /* HikeDetail.swift in Sources */,
				C06D9667275898E400786DB5 /* HexagonParameters.swift in Sources */,
				C06C6A022758E21C0018DFCA /* Hike.swift in Sources */,
				C06C69F92758DFDC0018DFCA /* RotatedBadgeSymbol.swift in Sources */,
				C06C69F72758DE170018DFCA /* BadgeSymbol.swift in Sources */,
				C0E5CCD72758632A00324E06 /* LandmarkList.swift in Sources */,
				C06C6A0B2758E2AC0018DFCA /* HikeView.swift in Sources */,
				C0E5CCD9275864E400324E06 /* LandmarkDetail.swift in Sources */,
				C06D966927589AD300786DB5 /* BadgeBackground.swift in Sources */,
				C0E5CCC627582FC900324E06 /* CircleImage.swift in Sources */,
				C0E5CCCC2758378200324E06 /* Landmark.swift in Sources */,
				C0E5CCD52758614E00324E06 /* LandmarkRow.swift in Sources */,
				C0E5CCCE27583D2400324E06 /* ModelData.swift in Sources */,
			);
			runOnlyForDeploymentPostprocessing = 0;
		};
/* End PBXSourcesBuildPhase section */

/* Begin XCBuildConfiguration section */
		C0719B122757B5BA00CC9861 /* Debug */ = {
			isa = XCBuildConfiguration;
			buildSettings = {
				ALWAYS_SEARCH_USER_PATHS = NO;
				CLANG_ANALYZER_NONNULL = YES;
				CLANG_ANALYZER_NUMBER_OBJECT_CONVERSION = YES_AGGRESSIVE;
				CLANG_CXX_LANGUAGE_STANDARD = "gnu++17";
				CLANG_CXX_LIBRARY = "libc++";
				CLANG_ENABLE_MODULES = YES;
				CLANG_ENABLE_OBJC_ARC = YES;
				CLANG_ENABLE_OBJC_WEAK = YES;
				CLANG_WARN_BLOCK_CAPTURE_AUTORELEASING = YES;
				CLANG_WARN_BOOL_CONVERSION = YES;
				CLANG_WARN_COMMA = YES;
				CLANG_WARN_CONSTANT_CONVERSION = YES;
				CLANG_WARN_DEPRECATED_OBJC_IMPLEMENTATIONS = YES;
				CLANG_WARN_DIRECT_OBJC_ISA_USAGE = YES_ERROR;
				CLANG_WARN_DOCUMENTATION_COMMENTS = YES;
				CLANG_WARN_EMPTY_BODY = YES;
				CLANG_WARN_ENUM_CONVERSION = YES;
				CLANG_WARN_INFINITE_RECURSION = YES;
				CLANG_WARN_INT_CONVERSION = YES;
				CLANG_WARN_NON_LITERAL_NULL_CONVERSION = YES;
				CLANG_WARN_OBJC_IMPLICIT_RETAIN_SELF = YES;
				CLANG_WARN_OBJC_LITERAL_CONVERSION = YES;
				CLANG_WARN_OBJC_ROOT_CLASS = YES_ERROR;
				CLANG_WARN_QUOTED_INCLUDE_IN_FRAMEWORK_HEADER = YES;
				CLANG_WARN_RANGE_LOOP_ANALYSIS = YES;
				CLANG_WARN_STRICT_PROTOTYPES = YES;
				CLANG_WARN_SUSPICIOUS_MOVE = YES;
				CLANG_WARN_UNGUARDED_AVAILABILITY = YES_AGGRESSIVE;
				CLANG_WARN_UNREACHABLE_CODE = YES;
				CLANG_WARN__DUPLICATE_METHOD_MATCH = YES;
				COPY_PHASE_STRIP = NO;
				DEBUG_INFORMATION_FORMAT = dwarf;
				ENABLE_STRICT_OBJC_MSGSEND = YES;
				ENABLE_TESTABILITY = YES;
				GCC_C_LANGUAGE_STANDARD = gnu11;
				GCC_DYNAMIC_NO_PIC = NO;
				GCC_NO_COMMON_BLOCKS = YES;
				GCC_OPTIMIZATION_LEVEL = 0;
				GCC_PREPROCESSOR_DEFINITIONS = (
					"DEBUG=1",
					"$(inherited)",
				);
				GCC_WARN_64_TO_32_BIT_CONVERSION = YES;
				GCC_WARN_ABOUT_RETURN_TYPE = YES_ERROR;
				GCC_WARN_UNDECLARED_SELECTOR = YES;
				GCC_WARN_UNINITIALIZED_AUTOS = YES_AGGRESSIVE;
				GCC_WARN_UNUSED_FUNCTION = YES;
				GCC_WARN_UNUSED_VARIABLE = YES;
				IPHONEOS_DEPLOYMENT_TARGET = 15.0;
				MTL_ENABLE_DEBUG_INFO = INCLUDE_SOURCE;
				MTL_FAST_MATH = YES;
				ONLY_ACTIVE_ARCH = YES;
				SDKROOT = iphoneos;
				SWIFT_ACTIVE_COMPILATION_CONDITIONS = DEBUG;
				SWIFT_OPTIMIZATION_LEVEL = "-Onone";
			};
			name = Debug;
		};
		C0719B132757B5BA00CC9861 /* Release */ = {
			isa = XCBuildConfiguration;
			buildSettings = {
				ALWAYS_SEARCH_USER_PATHS = NO;
				CLANG_ANALYZER_NONNULL = YES;
				CLANG_ANALYZER_NUMBER_OBJECT_CONVERSION = YES_AGGRESSIVE;
				CLANG_CXX_LANGUAGE_STANDARD = "gnu++17";
				CLANG_CXX_LIBRARY = "libc++";
				CLANG_ENABLE_MODULES = YES;
				CLANG_ENABLE_OBJC_ARC = YES;
				CLANG_ENABLE_OBJC_WEAK = YES;
				CLANG_WARN_BLOCK_CAPTURE_AUTORELEASING = YES;
				CLANG_WARN_BOOL_CONVERSION = YES;
				CLANG_WARN_COMMA = YES;
				CLANG_WARN_CONSTANT_CONVERSION = YES;
				CLANG_WARN_DEPRECATED_OBJC_IMPLEMENTATIONS = YES;
				CLANG_WARN_DIRECT_OBJC_ISA_USAGE = YES_ERROR;
				CLANG_WARN_DOCUMENTATION_COMMENTS = YES;
				CLANG_WARN_EMPTY_BODY = YES;
				CLANG_WARN_ENUM_CONVERSION = YES;
				CLANG_WARN_INFINITE_RECURSION = YES;
				CLANG_WARN_INT_CONVERSION = YES;
				CLANG_WARN_NON_LITERAL_NULL_CONVERSION = YES;
				CLANG_WARN_OBJC_IMPLICIT_RETAIN_SELF = YES;
				CLANG_WARN_OBJC_LITERAL_CONVERSION = YES;
				CLANG_WARN_OBJC_ROOT_CLASS = YES_ERROR;
				CLANG_WARN_QUOTED_INCLUDE_IN_FRAMEWORK_HEADER = YES;
				CLANG_WARN_RANGE_LOOP_ANALYSIS = YES;
				CLANG_WARN_STRICT_PROTOTYPES = YES;
				CLANG_WARN_SUSPICIOUS_MOVE = YES;
				CLANG_WARN_UNGUARDED_AVAILABILITY = YES_AGGRESSIVE;
				CLANG_WARN_UNREACHABLE_CODE = YES;
				CLANG_WARN__DUPLICATE_METHOD_MATCH = YES;
				COPY_PHASE_STRIP = NO;
				DEBUG_INFORMATION_FORMAT = "dwarf-with-dsym";
				ENABLE_NS_ASSERTIONS = NO;
				ENABLE_STRICT_OBJC_MSGSEND = YES;
				GCC_C_LANGUAGE_STANDARD = gnu11;
				GCC_NO_COMMON_BLOCKS = YES;
				GCC_WARN_64_TO_32_BIT_CONVERSION = YES;
				GCC_WARN_ABOUT_RETURN_TYPE = YES_ERROR;
				GCC_WARN_UNDECLARED_SELECTOR = YES;
				GCC_WARN_UNINITIALIZED_AUTOS = YES_AGGRESSIVE;
				GCC_WARN_UNUSED_FUNCTION = YES;
				GCC_WARN_UNUSED_VARIABLE = YES;
				IPHONEOS_DEPLOYMENT_TARGET = 15.0;
				MTL_ENABLE_DEBUG_INFO = NO;
				MTL_FAST_MATH = YES;
				SDKROOT = iphoneos;
				SWIFT_COMPILATION_MODE = wholemodule;
				SWIFT_OPTIMIZATION_LEVEL = "-O";
				VALIDATE_PRODUCT = YES;
			};
			name = Release;
		};
		C0719B152757B5BA00CC9861 /* Debug */ = {
			isa = XCBuildConfiguration;
			buildSettings = {
				ASSETCATALOG_COMPILER_APPICON_NAME = AppIcon;
				ASSETCATALOG_COMPILER_GLOBAL_ACCENT_COLOR_NAME = AccentColor;
				CODE_SIGN_STYLE = Automatic;
				CURRENT_PROJECT_VERSION = 1;
				DEVELOPMENT_ASSET_PATHS = "\"Landmarks/Preview Content\"";
				DEVELOPMENT_TEAM = 7UWQ7HF465;
				ENABLE_PREVIEWS = YES;
				GENERATE_INFOPLIST_FILE = YES;
				INFOPLIST_KEY_UIApplicationSceneManifest_Generation = YES;
				INFOPLIST_KEY_UIApplicationSupportsIndirectInputEvents = YES;
				INFOPLIST_KEY_UILaunchScreen_Generation = YES;
				INFOPLIST_KEY_UISupportedInterfaceOrientations_iPad = "UIInterfaceOrientationPortrait UIInterfaceOrientationPortraitUpsideDown UIInterfaceOrientationLandscapeLeft UIInterfaceOrientationLandscapeRight";
				INFOPLIST_KEY_UISupportedInterfaceOrientations_iPhone = "UIInterfaceOrientationPortrait UIInterfaceOrientationLandscapeLeft UIInterfaceOrientationLandscapeRight";
				LD_RUNPATH_SEARCH_PATHS = (
					"$(inherited)",
					"@executable_path/Frameworks",
				);
				MARKETING_VERSION = 1.0;
				PRODUCT_BUNDLE_IDENTIFIER = io.abdul.Landmarks;
				PRODUCT_NAME = "$(TARGET_NAME)";
				SWIFT_EMIT_LOC_STRINGS = YES;
				SWIFT_VERSION = 5.0;
				TARGETED_DEVICE_FAMILY = "1,2";
			};
			name = Debug;
		};
		C0719B162757B5BA00CC9861 /* Release */ = {
			isa = XCBuildConfiguration;
			buildSettings = {
				ASSETCATALOG_COMPILER_APPICON_NAME = AppIcon;
				ASSETCATALOG_COMPILER_GLOBAL_ACCENT_COLOR_NAME = AccentColor;
				CODE_SIGN_STYLE = Automatic;
				CURRENT_PROJECT_VERSION = 1;
				DEVELOPMENT_ASSET_PATHS = "\"Landmarks/Preview Content\"";
				DEVELOPMENT_TEAM = 7UWQ7HF465;
				ENABLE_PREVIEWS = YES;
				GENERATE_INFOPLIST_FILE = YES;
				INFOPLIST_KEY_UIApplicationSceneManifest_Generation = YES;
				INFOPLIST_KEY_UIApplicationSupportsIndirectInputEvents = YES;
				INFOPLIST_KEY_UILaunchScreen_Generation = YES;
				INFOPLIST_KEY_UISupportedInterfaceOrientations_iPad = "UIInterfaceOrientationPortrait UIInterfaceOrientationPortraitUpsideDown UIInterfaceOrientationLandscapeLeft UIInterfaceOrientationLandscapeRight";
				INFOPLIST_KEY_UISupportedInterfaceOrientations_iPhone = "UIInterfaceOrientationPortrait UIInterfaceOrientationLandscapeLeft UIInterfaceOrientationLandscapeRight";
				LD_RUNPATH_SEARCH_PATHS = (
					"$(inherited)",
					"@executable_path/Frameworks",
				);
				MARKETING_VERSION = 1.0;
				PRODUCT_BUNDLE_IDENTIFIER = io.abdul.Landmarks;
				PRODUCT_NAME = "$(TARGET_NAME)";
				SWIFT_EMIT_LOC_STRINGS = YES;
				SWIFT_VERSION = 5.0;
				TARGETED_DEVICE_FAMILY = "1,2";
			};
			name = Release;
		};
/* End XCBuildConfiguration section */

/* Begin XCConfigurationList section */
		C0719B012757B5B800CC9861 /* Build configuration list for PBXProject "Landmarks" */ = {
			isa = XCConfigurationList;
			buildConfigurations = (
				C0719B122757B5BA00CC9861 /* Debug */,
				C0719B132757B5BA00CC9861 /* Release */,
			);
			defaultConfigurationIsVisible = 0;
			defaultConfigurationName = Release;
		};
		C0719B142757B5BA00CC9861 /* Build configuration list for PBXNativeTarget "Landmarks" */ = {
			isa = XCConfigurationList;
			buildConfigurations = (
				C0719B152757B5BA00CC9861 /* Debug */,
				C0719B162757B5BA00CC9861 /* Release */,
			);
			defaultConfigurationIsVisible = 0;
			defaultConfigurationName = Release;
		};
/* End XCConfigurationList section */
	};
	rootObject = C0719AFE2757B5B800CC9861 /* Project object */;
}
